
Microsoft Visual Studio Solution File, Format Version 12.00
# Visual Studio 15
VisualStudioVersion = 15.0.28010.2048
MinimumVisualStudioVersion = 10.0.40219.1
Project("{9A19103F-16F7-4668-BE54-9A1E7A4F7556}") = "FanSoft.AM.Api", "FanSoft.AM.Api\FanSoft.AM.Api.csproj", "{B41C19F0-A2EC-4B27-9F32-AC97AF98EE0A}"
EndProject
Global
	GlobalSection(SolutionConfigurationPlatforms) = preSolution
		Debug|Any CPU = Debug|Any CPU
		Release|Any CPU = Release|Any CPU
	EndGlobalSection
	GlobalSection(ProjectConfigurationPlatforms) = postSolution
		{B41C19F0-A2EC-4B27-9F32-AC97AF98EE0A}.Debug|Any CPU.ActiveCfg = Debug|Any CPU
		{B41C19F0-A2EC-4B27-9F32-AC97AF98EE0A}.Debug|Any CPU.Build.0 = Debug|Any CPU
		{B41C19F0-A2EC-4B27-9F32-AC97AF98EE0A}.Release|Any CPU.ActiveCfg = Release|Any CPU
		{B41C19F0-A2EC-4B27-9F32-AC97AF98EE0A}.Release|Any CPU.Build.0 = Release|Any CPU
	EndGlobalSection
	GlobalSection(SolutionProperties) = preSolution
		HideSolutionNode = FALSE
	EndGlobalSection
	GlobalSection(ExtensibilityGlobals) = postSolution
		SolutionGuid = {163F12E0-0707-4ED0-AFDF-AB05362D42D1}
	EndGlobalSection
EndGlobal
